
Microsoft Visual Studio Solution File, Format Version 12.00
# Visual Studio Version 16
VisualStudioVersion = 16.0.33214.272
MinimumVisualStudioVersion = 10.0.40219.1
Project("{FAE04EC0-301F-11D3-BF4B-00C04F79EFBC}") = "ProjectOOP", "ProjectOOP\ProjectOOP.csproj", "{2CEFEEF6-09D2-4E16-B762-D846679BCDBA}"
EndProject
Global
	GlobalSection(SolutionConfigurationPlatforms) = preSolution
		Debug|Any CPU = Debug|Any CPU
		Release|Any CPU = Release|Any CPU
	EndGlobalSection
	GlobalSection(ProjectConfigurationPlatforms) = postSolution
		{2CEFEEF6-09D2-4E16-B762-D846679BCDBA}.Debug|Any CPU.ActiveCfg = Debug|Any CPU
		{2CEFEEF6-09D2-4E16-B762-D846679BCDBA}.Debug|Any CPU.Build.0 = Debug|Any CPU
		{2CEFEEF6-09D2-4E16-B762-D846679BCDBA}.Release|Any CPU.ActiveCfg = Release|Any CPU
		{2CEFEEF6-09D2-4E16-B762-D846679BCDBA}.Release|Any CPU.Build.0 = Release|Any CPU
	EndGlobalSection
	GlobalSection(SolutionProperties) = preSolution
		HideSolutionNode = FALSE
	EndGlobalSection
	GlobalSection(ExtensibilityGlobals) = postSolution
		SolutionGuid = {1D2CE0BC-CD93-4321-BB1E-9408352BFABC}
	EndGlobalSection
EndGlobal
